
Microsoft Visual Studio Solution File, Format Version 12.00
# Visual Studio 15
VisualStudioVersion = 15.0.27428.2005
MinimumVisualStudioVersion = 10.0.40219.1
Project("{2150E333-8FDC-42A3-9474-1A3956D46DE8}") = "src", "src", "{BEFFD360-F6E9-4788-8D1D-62CE265285C9}"
EndProject
Project("{9A19103F-16F7-4668-BE54-9A1E7A4F7556}") = "PCME.Domain", "src\PCME.Domain\PCME.Domain.csproj", "{3D7B2758-9F4D-4DBE-BE39-56E55630B6C5}"
EndProject
Project("{9A19103F-16F7-4668-BE54-9A1E7A4F7556}") = "PCME.Infrastructure", "src\PCME.Infrastructure\PCME.Infrastructure.csproj", "{258C7E84-54A5-4C42-B159-B01403D47948}"
EndProject
Project("{9A19103F-16F7-4668-BE54-9A1E7A4F7556}") = "PCME.Api", "src\PCME.Api\PCME.Api.csproj", "{298E258A-AC74-4D3C-BFAE-8C6826215801}"
EndProject
Project("{9A19103F-16F7-4668-BE54-9A1E7A4F7556}") = "XUnitTest", "src\XUnitTest\XUnitTest.csproj", "{4A38FF89-7BDC-46E6-A945-A3CD2DFF02DF}"
EndProject
Project("{9A19103F-16F7-4668-BE54-9A1E7A4F7556}") = "PCME.CustomWebHost", "src\PCME.WebHost\PCME.CustomWebHost.csproj", "{B4D6437D-AD13-4845-956D-AF4EBE92E32D}"
EndProject
Project("{9A19103F-16F7-4668-BE54-9A1E7A4F7556}") = "PCME.MOPDB", "PCME.MOPDB\PCME.MOPDB.csproj", "{DD7AF0F6-4A8C-419F-BE13-6BD4088F8550}"
EndProject
Project("{FAE04EC0-301F-11D3-BF4B-00C04F79EFBC}") = "WebApplication1", "WebApplication1\WebApplication1.csproj", "{186DB039-9DBD-42B7-B8CE-216C756E889F}"
EndProject
Global
	GlobalSection(SolutionConfigurationPlatforms) = preSolution
		Debug|Any CPU = Debug|Any CPU
		Release|Any CPU = Release|Any CPU
	EndGlobalSection
	GlobalSection(ProjectConfigurationPlatforms) = postSolution
		{3D7B2758-9F4D-4DBE-BE39-56E55630B6C5}.Debug|Any CPU.ActiveCfg = Debug|Any CPU
		{3D7B2758-9F4D-4DBE-BE39-56E55630B6C5}.Debug|Any CPU.Build.0 = Debug|Any CPU
		{3D7B2758-9F4D-4DBE-BE39-56E55630B6C5}.Release|Any CPU.ActiveCfg = Release|Any CPU
		{3D7B2758-9F4D-4DBE-BE39-56E55630B6C5}.Release|Any CPU.Build.0 = Release|Any CPU
		{258C7E84-54A5-4C42-B159-B01403D47948}.Debug|Any CPU.ActiveCfg = Debug|Any CPU
		{258C7E84-54A5-4C42-B159-B01403D47948}.Debug|Any CPU.Build.0 = Debug|Any CPU
		{258C7E84-54A5-4C42-B159-B01403D47948}.Release|Any CPU.ActiveCfg = Release|Any CPU
		{258C7E84-54A5-4C42-B159-B01403D47948}.Release|Any CPU.Build.0 = Release|Any CPU
		{298E258A-AC74-4D3C-BFAE-8C6826215801}.Debug|Any CPU.ActiveCfg = Debug|Any CPU
		{298E258A-AC74-4D3C-BFAE-8C6826215801}.Debug|Any CPU.Build.0 = Debug|Any CPU
		{298E258A-AC74-4D3C-BFAE-8C6826215801}.Release|Any CPU.ActiveCfg = Release|Any CPU
		{298E258A-AC74-4D3C-BFAE-8C6826215801}.Release|Any CPU.Build.0 = Release|Any CPU
		{4A38FF89-7BDC-46E6-A945-A3CD2DFF02DF}.Debug|Any CPU.ActiveCfg = Debug|Any CPU
		{4A38FF89-7BDC-46E6-A945-A3CD2DFF02DF}.Debug|Any CPU.Build.0 = Debug|Any CPU
		{4A38FF89-7BDC-46E6-A945-A3CD2DFF02DF}.Release|Any CPU.ActiveCfg = Release|Any CPU
		{4A38FF89-7BDC-46E6-A945-A3CD2DFF02DF}.Release|Any CPU.Build.0 = Release|Any CPU
		{B4D6437D-AD13-4845-956D-AF4EBE92E32D}.Debug|Any CPU.ActiveCfg = Debug|Any CPU
		{B4D6437D-AD13-4845-956D-AF4EBE92E32D}.Debug|Any CPU.Build.0 = Debug|Any CPU
		{B4D6437D-AD13-4845-956D-AF4EBE92E32D}.Release|Any CPU.ActiveCfg = Release|Any CPU
		{B4D6437D-AD13-4845-956D-AF4EBE92E32D}.Release|Any CPU.Build.0 = Release|Any CPU
		{DD7AF0F6-4A8C-419F-BE13-6BD4088F8550}.Debug|Any CPU.ActiveCfg = Debug|Any CPU
		{DD7AF0F6-4A8C-419F-BE13-6BD4088F8550}.Debug|Any CPU.Build.0 = Debug|Any CPU
		{DD7AF0F6-4A8C-419F-BE13-6BD4088F8550}.Release|Any CPU.ActiveCfg = Release|Any CPU
		{DD7AF0F6-4A8C-419F-BE13-6BD4088F8550}.Release|Any CPU.Build.0 = Release|Any CPU
		{186DB039-9DBD-42B7-B8CE-216C756E889F}.Debug|Any CPU.ActiveCfg = Debug|Any CPU
		{186DB039-9DBD-42B7-B8CE-216C756E889F}.Debug|Any CPU.Build.0 = Debug|Any CPU
		{186DB039-9DBD-42B7-B8CE-216C756E889F}.Release|Any CPU.ActiveCfg = Release|Any CPU
		{186DB039-9DBD-42B7-B8CE-216C756E889F}.Release|Any CPU.Build.0 = Release|Any CPU
	EndGlobalSection
	GlobalSection(SolutionProperties) = preSolution
		HideSolutionNode = FALSE
	EndGlobalSection
	GlobalSection(NestedProjects) = preSolution
		{3D7B2758-9F4D-4DBE-BE39-56E55630B6C5} = {BEFFD360-F6E9-4788-8D1D-62CE265285C9}
		{258C7E84-54A5-4C42-B159-B01403D47948} = {BEFFD360-F6E9-4788-8D1D-62CE265285C9}
		{298E258A-AC74-4D3C-BFAE-8C6826215801} = {BEFFD360-F6E9-4788-8D1D-62CE265285C9}
		{4A38FF89-7BDC-46E6-A945-A3CD2DFF02DF} = {BEFFD360-F6E9-4788-8D1D-62CE265285C9}
		{B4D6437D-AD13-4845-956D-AF4EBE92E32D} = {BEFFD360-F6E9-4788-8D1D-62CE265285C9}
		{DD7AF0F6-4A8C-419F-BE13-6BD4088F8550} = {BEFFD360-F6E9-4788-8D1D-62CE265285C9}
		{186DB039-9DBD-42B7-B8CE-216C756E889F} = {BEFFD360-F6E9-4788-8D1D-62CE265285C9}
	EndGlobalSection
	GlobalSection(ExtensibilityGlobals) = postSolution
		SolutionGuid = {B4255ACA-F0FA-4629-AAFB-911E4D5C69C0}
	EndGlobalSection
EndGlobal
